{
  "nodes": {
    "nixpkgs": {
      "locked": {
        "lastModified": 1603729585,
        "narHash": "sha256-LrPPGqmqYhY2Ew/KyVAuEclcCETAB/RZ0zm/hPXjaP0=",
        "owner": "NixOS",
        "repo": "nixpkgs",
        "rev": "a7a1447e5d40a9ad90983d33e151f5474eddeed9",
        "type": "github"
      },
      "original": {
        "id": "nixpkgs",
        "type": "indirect"
      }
    },
    "root": {
      "inputs": {
        "nixpkgs": "nixpkgs",
        "utils": "utils"
      }
    },
    "utils": {
      "locked": {
        "lastModified": 1601282935,
        "narHash": "sha256-WQAFV6sGGQxrRs3a+/Yj9xUYvhTpukQJIcMbIi7LCJ4=",
        "owner": "numtide",
        "repo": "flake-utils",
        "rev": "588973065fce51f4763287f0fda87a174d78bf48",
        "type": "github"
      },
      "original": {
        "owner": "numtide",
        "repo": "flake-utils",
        "type": "github"
      }
    }
  },
  "root": "root",
  "version": 7
}
